
Microsoft Visual Studio Solution File, Format Version 12.00
# Visual Studio Version 17
VisualStudioVersion = 17.8.0.0
MinimumVisualStudioVersion = 17.8.0.0
Project("{9A19103F-16F7-4668-BE54-9A1E7A4F7556}") = "app-host", "app-host\app-host.csproj", "{DA566658-66E7-4ADB-B3BA-07FE8BC34F28}"
EndProject
Project("{9A19103F-16F7-4668-BE54-9A1E7A4F7556}") = "service-defaults", "service-defaults\service-defaults.csproj", "{378BB3E8-FA00-41C0-BBD0-30CE31EF637A}"
EndProject
Project("{9A19103F-16F7-4668-BE54-9A1E7A4F7556}") = "integration-api", "integration-api\integration-api.csproj", "{BD0D38F5-A073-41AC-B44C-A4C39B574547}"
EndProject
Project("{9A19103F-16F7-4668-BE54-9A1E7A4F7556}") = "rekordassistant-web", "rekordassistant-web\rekordassistant-web.csproj", "{CA5DC764-F811-4BBF-83E4-6D737E121689}"
EndProject
Project("{FAE04EC0-301F-11D3-BF4B-00C04F79EFBC}") = "rekordassistant-wasm", "rekordassistant-wasm\rekordassistant-wasm.csproj", "{E6E3E8F4-9B7C-5BC8-23CC-B9C670B39060}"
EndProject
Project("{FAE04EC0-301F-11D3-BF4B-00C04F79EFBC}") = "vinyl-inventory-api", "vinyl-inventory-api\vinyl-inventory-api.csproj", "{BED735E1-437D-441F-9BB8-AB9EE82AAC9F}"
EndProject
Global
	GlobalSection(SolutionConfigurationPlatforms) = preSolution
		Debug|Any CPU = Debug|Any CPU
		Debug|x64 = Debug|x64
		Debug|x86 = Debug|x86
		Release|Any CPU = Release|Any CPU
		Release|x64 = Release|x64
		Release|x86 = Release|x86
	EndGlobalSection
	GlobalSection(ProjectConfigurationPlatforms) = postSolution
		{DA566658-66E7-4ADB-B3BA-07FE8BC34F28}.Debug|Any CPU.ActiveCfg = Debug|Any CPU
		{DA566658-66E7-4ADB-B3BA-07FE8BC34F28}.Debug|Any CPU.Build.0 = Debug|Any CPU
		{DA566658-66E7-4ADB-B3BA-07FE8BC34F28}.Debug|x64.ActiveCfg = Debug|Any CPU
		{DA566658-66E7-4ADB-B3BA-07FE8BC34F28}.Debug|x64.Build.0 = Debug|Any CPU
		{DA566658-66E7-4ADB-B3BA-07FE8BC34F28}.Debug|x86.ActiveCfg = Debug|Any CPU
		{DA566658-66E7-4ADB-B3BA-07FE8BC34F28}.Debug|x86.Build.0 = Debug|Any CPU
		{DA566658-66E7-4ADB-B3BA-07FE8BC34F28}.Release|Any CPU.ActiveCfg = Release|Any CPU
		{DA566658-66E7-4ADB-B3BA-07FE8BC34F28}.Release|Any CPU.Build.0 = Release|Any CPU
		{DA566658-66E7-4ADB-B3BA-07FE8BC34F28}.Release|x64.ActiveCfg = Release|Any CPU
		{DA566658-66E7-4ADB-B3BA-07FE8BC34F28}.Release|x64.Build.0 = Release|Any CPU
		{DA566658-66E7-4ADB-B3BA-07FE8BC34F28}.Release|x86.ActiveCfg = Release|Any CPU
		{DA566658-66E7-4ADB-B3BA-07FE8BC34F28}.Release|x86.Build.0 = Release|Any CPU
		{378BB3E8-FA00-41C0-BBD0-30CE31EF637A}.Debug|Any CPU.ActiveCfg = Debug|Any CPU
		{378BB3E8-FA00-41C0-BBD0-30CE31EF637A}.Debug|Any CPU.Build.0 = Debug|Any CPU
		{378BB3E8-FA00-41C0-BBD0-30CE31EF637A}.Debug|x64.ActiveCfg = Debug|Any CPU
		{378BB3E8-FA00-41C0-BBD0-30CE31EF637A}.Debug|x64.Build.0 = Debug|Any CPU
		{378BB3E8-FA00-41C0-BBD0-30CE31EF637A}.Debug|x86.ActiveCfg = Debug|Any CPU
		{378BB3E8-FA00-41C0-BBD0-30CE31EF637A}.Debug|x86.Build.0 = Debug|Any CPU
		{378BB3E8-FA00-41C0-BBD0-30CE31EF637A}.Release|Any CPU.ActiveCfg = Release|Any CPU
		{378BB3E8-FA00-41C0-BBD0-30CE31EF637A}.Release|Any CPU.Build.0 = Release|Any CPU
		{378BB3E8-FA00-41C0-BBD0-30CE31EF637A}.Release|x64.ActiveCfg = Release|Any CPU
		{378BB3E8-FA00-41C0-BBD0-30CE31EF637A}.Release|x64.Build.0 = Release|Any CPU
		{378BB3E8-FA00-41C0-BBD0-30CE31EF637A}.Release|x86.ActiveCfg = Release|Any CPU
		{378BB3E8-FA00-41C0-BBD0-30CE31EF637A}.Release|x86.Build.0 = Release|Any CPU
		{BD0D38F5-A073-41AC-B44C-A4C39B574547}.Debug|Any CPU.ActiveCfg = Debug|Any CPU
		{BD0D38F5-A073-41AC-B44C-A4C39B574547}.Debug|Any CPU.Build.0 = Debug|Any CPU
		{BD0D38F5-A073-41AC-B44C-A4C39B574547}.Debug|x64.ActiveCfg = Debug|Any CPU
		{BD0D38F5-A073-41AC-B44C-A4C39B574547}.Debug|x64.Build.0 = Debug|Any CPU
		{BD0D38F5-A073-41AC-B44C-A4C39B574547}.Debug|x86.ActiveCfg = Debug|Any CPU
		{BD0D38F5-A073-41AC-B44C-A4C39B574547}.Debug|x86.Build.0 = Debug|Any CPU
		{BD0D38F5-A073-41AC-B44C-A4C39B574547}.Release|Any CPU.ActiveCfg = Release|Any CPU
		{BD0D38F5-A073-41AC-B44C-A4C39B574547}.Release|Any CPU.Build.0 = Release|Any CPU
		{BD0D38F5-A073-41AC-B44C-A4C39B574547}.Release|x64.ActiveCfg = Release|Any CPU
		{BD0D38F5-A073-41AC-B44C-A4C39B574547}.Release|x64.Build.0 = Release|Any CPU
		{BD0D38F5-A073-41AC-B44C-A4C39B574547}.Release|x86.ActiveCfg = Release|Any CPU
		{BD0D38F5-A073-41AC-B44C-A4C39B574547}.Release|x86.Build.0 = Release|Any CPU
		{CA5DC764-F811-4BBF-83E4-6D737E121689}.Debug|Any CPU.ActiveCfg = Debug|Any CPU
		{CA5DC764-F811-4BBF-83E4-6D737E121689}.Debug|Any CPU.Build.0 = Debug|Any CPU
		{CA5DC764-F811-4BBF-83E4-6D737E121689}.Debug|x64.ActiveCfg = Debug|Any CPU
		{CA5DC764-F811-4BBF-83E4-6D737E121689}.Debug|x64.Build.0 = Debug|Any CPU
		{CA5DC764-F811-4BBF-83E4-6D737E121689}.Debug|x86.ActiveCfg = Debug|Any CPU
		{CA5DC764-F811-4BBF-83E4-6D737E121689}.Debug|x86.Build.0 = Debug|Any CPU
		{CA5DC764-F811-4BBF-83E4-6D737E121689}.Release|Any CPU.ActiveCfg = Release|Any CPU
		{CA5DC764-F811-4BBF-83E4-6D737E121689}.Release|Any CPU.Build.0 = Release|Any CPU
		{CA5DC764-F811-4BBF-83E4-6D737E121689}.Release|x64.ActiveCfg = Release|Any CPU
		{CA5DC764-F811-4BBF-83E4-6D737E121689}.Release|x64.Build.0 = Release|Any CPU
		{CA5DC764-F811-4BBF-83E4-6D737E121689}.Release|x86.ActiveCfg = Release|Any CPU
		{CA5DC764-F811-4BBF-83E4-6D737E121689}.Release|x86.Build.0 = Release|Any CPU
		{E6E3E8F4-9B7C-5BC8-23CC-B9C670B39060}.Debug|Any CPU.ActiveCfg = Debug|Any CPU
		{E6E3E8F4-9B7C-5BC8-23CC-B9C670B39060}.Debug|Any CPU.Build.0 = Debug|Any CPU
		{E6E3E8F4-9B7C-5BC8-23CC-B9C670B39060}.Debug|x64.ActiveCfg = Debug|Any CPU
		{E6E3E8F4-9B7C-5BC8-23CC-B9C670B39060}.Debug|x64.Build.0 = Debug|Any CPU
		{E6E3E8F4-9B7C-5BC8-23CC-B9C670B39060}.Debug|x86.ActiveCfg = Debug|Any CPU
		{E6E3E8F4-9B7C-5BC8-23CC-B9C670B39060}.Debug|x86.Build.0 = Debug|Any CPU
		{E6E3E8F4-9B7C-5BC8-23CC-B9C670B39060}.Release|Any CPU.ActiveCfg = Release|Any CPU
		{E6E3E8F4-9B7C-5BC8-23CC-B9C670B39060}.Release|Any CPU.Build.0 = Release|Any CPU
		{E6E3E8F4-9B7C-5BC8-23CC-B9C670B39060}.Release|x64.ActiveCfg = Release|Any CPU
		{E6E3E8F4-9B7C-5BC8-23CC-B9C670B39060}.Release|x64.Build.0 = Release|Any CPU
		{E6E3E8F4-9B7C-5BC8-23CC-B9C670B39060}.Release|x86.ActiveCfg = Release|Any CPU
		{E6E3E8F4-9B7C-5BC8-23CC-B9C670B39060}.Release|x86.Build.0 = Release|Any CPU
		{BED735E1-437D-441F-9BB8-AB9EE82AAC9F}.Debug|Any CPU.ActiveCfg = Debug|Any CPU
		{BED735E1-437D-441F-9BB8-AB9EE82AAC9F}.Debug|Any CPU.Build.0 = Debug|Any CPU
		{BED735E1-437D-441F-9BB8-AB9EE82AAC9F}.Debug|x64.ActiveCfg = Debug|Any CPU
		{BED735E1-437D-441F-9BB8-AB9EE82AAC9F}.Debug|x64.Build.0 = Debug|Any CPU
		{BED735E1-437D-441F-9BB8-AB9EE82AAC9F}.Debug|x86.ActiveCfg = Debug|Any CPU
		{BED735E1-437D-441F-9BB8-AB9EE82AAC9F}.Debug|x86.Build.0 = Debug|Any CPU
		{BED735E1-437D-441F-9BB8-AB9EE82AAC9F}.Release|Any CPU.ActiveCfg = Release|Any CPU
		{BED735E1-437D-441F-9BB8-AB9EE82AAC9F}.Release|Any CPU.Build.0 = Release|Any CPU
		{BED735E1-437D-441F-9BB8-AB9EE82AAC9F}.Release|x64.ActiveCfg = Release|Any CPU
		{BED735E1-437D-441F-9BB8-AB9EE82AAC9F}.Release|x64.Build.0 = Release|Any CPU
		{BED735E1-437D-441F-9BB8-AB9EE82AAC9F}.Release|x86.ActiveCfg = Release|Any CPU
		{BED735E1-437D-441F-9BB8-AB9EE82AAC9F}.Release|x86.Build.0 = Release|Any CPU
	EndGlobalSection
	GlobalSection(SolutionProperties) = preSolution
		HideSolutionNode = FALSE
	EndGlobalSection
	GlobalSection(ExtensibilityGlobals) = postSolution
		SolutionGuid = {2B558C51-DE82-4436-BBF4-923A0375067F}
	EndGlobalSection
EndGlobal
